// !$*UTF8*$!
{
	archiveVersion = 1;
	classes = {
	};
	objectVersion = 56;
	objects = {

/* Begin PBXBuildFile section */
		6E84FC972A77998900F820F9 /* AppDelegate.swift in Sources */ = {isa = PBXBuildFile; fileRef = 6E84FC962A77998900F820F9 /* AppDelegate.swift */; };
		6E84FC992A77998900F820F9 /* SceneDelegate.swift in Sources */ = {isa = PBXBuildFile; fileRef = 6E84FC982A77998900F820F9 /* SceneDelegate.swift */; };
		6E84FC9B2A77998900F820F9 /* ViewController.swift in Sources */ = {isa = PBXBuildFile; fileRef = 6E84FC9A2A77998900F820F9 /* ViewController.swift */; };
		6E84FC9E2A77998900F820F9 /* Main.storyboard in Resources */ = {isa = PBXBuildFile; fileRef = 6E84FC9C2A77998900F820F9 /* Main.storyboard */; };
		6E84FCA02A77998B00F820F9 /* Assets.xcassets in Resources */ = {isa = PBXBuildFile; fileRef = 6E84FC9F2A77998B00F820F9 /* Assets.xcassets */; };
		6E84FCA32A77998B00F820F9 /* LaunchScreen.storyboard in Resources */ = {isa = PBXBuildFile; fileRef = 6E84FCA12A77998B00F820F9 /* LaunchScreen.storyboard */; };
		6E84FCAB2A77A02100F820F9 /* BookWarmCollectionViewController.swift in Sources */ = {isa = PBXBuildFile; fileRef = 6E84FCAA2A77A02100F820F9 /* BookWarmCollectionViewController.swift */; };
		6E84FCAE2A77A03800F820F9 /* BookWarmCollectionViewCell.swift in Sources */ = {isa = PBXBuildFile; fileRef = 6E84FCAC2A77A03800F820F9 /* BookWarmCollectionViewCell.swift */; };
		6E84FCAF2A77A03800F820F9 /* BookWarmCollectionViewCell.xib in Resources */ = {isa = PBXBuildFile; fileRef = 6E84FCAD2A77A03800F820F9 /* BookWarmCollectionViewCell.xib */; };
		6E84FCB12A77A43400F820F9 /* BookWarmArray.swift in Sources */ = {isa = PBXBuildFile; fileRef = 6E84FCB02A77A43400F820F9 /* BookWarmArray.swift */; };
		6E84FCB32A77A44100F820F9 /* BookWarmValue.swift in Sources */ = {isa = PBXBuildFile; fileRef = 6E84FCB22A77A44100F820F9 /* BookWarmValue.swift */; };
		6E84FCB52A77BDC900F820F9 /* BooWarmDetailViewController.swift in Sources */ = {isa = PBXBuildFile; fileRef = 6E84FCB42A77BDC900F820F9 /* BooWarmDetailViewController.swift */; };
		6E84FCD72A77D71D00F820F9 /* wdw.swift in Sources */ = {isa = PBXBuildFile; fileRef = 6E84FCD62A77D71D00F820F9 /* wdw.swift */; };
		6EC5F3EF2A77DAFC003FDA78 /* BookWarmTableViewController.swift in Sources */ = {isa = PBXBuildFile; fileRef = 6EC5F3EE2A77DAFC003FDA78 /* BookWarmTableViewController.swift */; };
		6EC5F3F22A77DB22003FDA78 /* BookWarmTableViewCell.swift in Sources */ = {isa = PBXBuildFile; fileRef = 6EC5F3F02A77DB22003FDA78 /* BookWarmTableViewCell.swift */; };
		6EC5F3F32A77DB22003FDA78 /* BookWarmTableViewCell.xib in Resources */ = {isa = PBXBuildFile; fileRef = 6EC5F3F12A77DB22003FDA78 /* BookWarmTableViewCell.xib */; };
/* End PBXBuildFile section */

/* Begin PBXFileReference section */
		6E84FC932A77998900F820F9 /* week3-BookWarmProjact.app */ = {isa = PBXFileReference; explicitFileType = wrapper.application; includeInIndex = 0; path = "week3-BookWarmProjact.app"; sourceTree = BUILT_PRODUCTS_DIR; };
		6E84FC962A77998900F820F9 /* AppDelegate.swift */ = {isa = PBXFileReference; lastKnownFileType = sourcecode.swift; path = AppDelegate.swift; sourceTree = "<group>"; };
		6E84FC982A77998900F820F9 /* SceneDelegate.swift */ = {isa = PBXFileReference; lastKnownFileType = sourcecode.swift; path = SceneDelegate.swift; sourceTree = "<group>"; };
		6E84FC9A2A77998900F820F9 /* ViewController.swift */ = {isa = PBXFileReference; lastKnownFileType = sourcecode.swift; path = ViewController.swift; sourceTree = "<group>"; };
		6E84FC9D2A77998900F820F9 /* Base */ = {isa = PBXFileReference; lastKnownFileType = file.storyboard; name = Base; path = Base.lproj/Main.storyboard; sourceTree = "<group>"; };
		6E84FC9F2A77998B00F820F9 /* Assets.xcassets */ = {isa = PBXFileReference; lastKnownFileType = folder.assetcatalog; path = Assets.xcassets; sourceTree = "<group>"; };
		6E84FCA22A77998B00F820F9 /* Base */ = {isa = PBXFileReference; lastKnownFileType = file.storyboard; name = Base; path = Base.lproj/LaunchScreen.storyboard; sourceTree = "<group>"; };
		6E84FCA42A77998B00F820F9 /* Info.plist */ = {isa = PBXFileReference; lastKnownFileType = text.plist.xml; path = Info.plist; sourceTree = "<group>"; };
		6E84FCAA2A77A02100F820F9 /* BookWarmCollectionViewController.swift */ = {isa = PBXFileReference; lastKnownFileType = sourcecode.swift; path = BookWarmCollectionViewController.swift; sourceTree = "<group>"; };
		6E84FCAC2A77A03800F820F9 /* BookWarmCollectionViewCell.swift */ = {isa = PBXFileReference; lastKnownFileType = sourcecode.swift; path = BookWarmCollectionViewCell.swift; sourceTree = "<group>"; };
		6E84FCAD2A77A03800F820F9 /* BookWarmCollectionViewCell.xib */ = {isa = PBXFileReference; lastKnownFileType = file.xib; path = BookWarmCollectionViewCell.xib; sourceTree = "<group>"; };
		6E84FCB02A77A43400F820F9 /* BookWarmArray.swift */ = {isa = PBXFileReference; lastKnownFileType = sourcecode.swift; path = BookWarmArray.swift; sourceTree = "<group>"; };
		6E84FCB22A77A44100F820F9 /* BookWarmValue.swift */ = {isa = PBXFileReference; lastKnownFileType = sourcecode.swift; path = BookWarmValue.swift; sourceTree = "<group>"; };
		6E84FCB42A77BDC900F820F9 /* BooWarmDetailViewController.swift */ = {isa = PBXFileReference; lastKnownFileType = sourcecode.swift; path = BooWarmDetailViewController.swift; sourceTree = "<group>"; };
		6E84FCD62A77D71D00F820F9 /* wdw.swift */ = {isa = PBXFileReference; lastKnownFileType = sourcecode.swift; path = wdw.swift; sourceTree = "<group>"; };
		6EC5F3EE2A77DAFC003FDA78 /* BookWarmTableViewController.swift */ = {isa = PBXFileReference; lastKnownFileType = sourcecode.swift; name = BookWarmTableViewController.swift; path = "week3-BookWarmProjact/BookWarmTableViewController.swift"; sourceTree = SOURCE_ROOT; };
		6EC5F3F02A77DB22003FDA78 /* BookWarmTableViewCell.swift */ = {isa = PBXFileReference; lastKnownFileType = sourcecode.swift; path = BookWarmTableViewCell.swift; sourceTree = "<group>"; };
		6EC5F3F12A77DB22003FDA78 /* BookWarmTableViewCell.xib */ = {isa = PBXFileReference; lastKnownFileType = file.xib; path = BookWarmTableViewCell.xib; sourceTree = "<group>"; };
/* End PBXFileReference section */

/* Begin PBXFrameworksBuildPhase section */
		6E84FC902A77998900F820F9 /* Frameworks */ = {
			isa = PBXFrameworksBuildPhase;
			buildActionMask = 2147483647;
			files = (
			);
			runOnlyForDeploymentPostprocessing = 0;
		};
/* End PBXFrameworksBuildPhase section */

/* Begin PBXGroup section */
		6E84FC8A2A77998900F820F9 = {
			isa = PBXGroup;
			children = (
				6E84FC952A77998900F820F9 /* week3-BookWarmProjact */,
				6E84FC942A77998900F820F9 /* Products */,
			);
			sourceTree = "<group>";
		};
		6E84FC942A77998900F820F9 /* Products */ = {
			isa = PBXGroup;
			children = (
				6E84FC932A77998900F820F9 /* week3-BookWarmProjact.app */,
			);
			name = Products;
			sourceTree = "<group>";
		};
		6E84FC952A77998900F820F9 /* week3-BookWarmProjact */ = {
			isa = PBXGroup;
			children = (
				6EC5F3E92A77DA92003FDA78 /* BookWarmTableView */,
				6EC5F3E82A77D9B1003FDA78 /* cBookWarmCollection */,
				6E84FC962A77998900F820F9 /* AppDelegate.swift */,
				6E84FC982A77998900F820F9 /* SceneDelegate.swift */,
				6E84FC9C2A77998900F820F9 /* Main.storyboard */,
				6E84FCD62A77D71D00F820F9 /* wdw.swift */,
				6E84FC9F2A77998B00F820F9 /* Assets.xcassets */,
				6E84FCA12A77998B00F820F9 /* LaunchScreen.storyboard */,
				6E84FCA42A77998B00F820F9 /* Info.plist */,
				6E84FCB22A77A44100F820F9 /* BookWarmValue.swift */,
				6E84FCB02A77A43400F820F9 /* BookWarmArray.swift */,
			);
			path = "week3-BookWarmProjact";
			sourceTree = "<group>";
		};
		6EC5F3E82A77D9B1003FDA78 /* cBookWarmCollection */ = {
			isa = PBXGroup;
			children = (
				6E84FC9A2A77998900F820F9 /* ViewController.swift */,
				6E84FCB42A77BDC900F820F9 /* BooWarmDetailViewController.swift */,
				6E84FCAC2A77A03800F820F9 /* BookWarmCollectionViewCell.swift */,
				6E84FCAD2A77A03800F820F9 /* BookWarmCollectionViewCell.xib */,
				6E84FCAA2A77A02100F820F9 /* BookWarmCollectionViewController.swift */,
			);
			path = cBookWarmCollection;
			sourceTree = "<group>";
		};
		6EC5F3E92A77DA92003FDA78 /* BookWarmTableView */ = {
			isa = PBXGroup;
			children = (
				6EC5F3EE2A77DAFC003FDA78 /* BookWarmTableViewController.swift */,
				6EC5F3F02A77DB22003FDA78 /* BookWarmTableViewCell.swift */,
				6EC5F3F12A77DB22003FDA78 /* BookWarmTableViewCell.xib */,
			);
			path = BookWarmTableView;
			sourceTree = "<group>";
		};
/* End PBXGroup section */

/* Begin PBXNativeTarget section */
		6E84FC922A77998900F820F9 /* week3-BookWarmProjact */ = {
			isa = PBXNativeTarget;
			buildConfigurationList = 6E84FCA72A77998B00F820F9 /* Build configuration list for PBXNativeTarget "week3-BookWarmProjact" */;
			buildPhases = (
				6E84FC8F2A77998900F820F9 /* Sources */,
				6E84FC902A77998900F820F9 /* Frameworks */,
				6E84FC912A77998900F820F9 /* Resources */,
			);
			buildRules = (
			);
			dependencies = (
			);
			name = "week3-BookWarmProjact";
			productName = "week3-BookWarmProjact";
			productReference = 6E84FC932A77998900F820F9 /* week3-BookWarmProjact.app */;
			productType = "com.apple.product-type.application";
		};
/* End PBXNativeTarget section */

/* Begin PBXProject section */
		6E84FC8B2A77998900F820F9 /* Project object */ = {
			isa = PBXProject;
			attributes = {
				BuildIndependentTargetsInParallel = 1;
				LastSwiftUpdateCheck = 1430;
				LastUpgradeCheck = 1430;
				TargetAttributes = {
					6E84FC922A77998900F820F9 = {
						CreatedOnToolsVersion = 14.3.1;
					};
				};
			};
			buildConfigurationList = 6E84FC8E2A77998900F820F9 /* Build configuration list for PBXProject "week3-BookWarmProjact" */;
			compatibilityVersion = "Xcode 14.0";
			developmentRegion = en;
			hasScannedForEncodings = 0;
			knownRegions = (
				en,
				Base,
			);
			mainGroup = 6E84FC8A2A77998900F820F9;
			productRefGroup = 6E84FC942A77998900F820F9 /* Products */;
			projectDirPath = "";
			projectRoot = "";
			targets = (
				6E84FC922A77998900F820F9 /* week3-BookWarmProjact */,
			);
		};
/* End PBXProject section */

/* Begin PBXResourcesBuildPhase section */
		6E84FC912A77998900F820F9 /* Resources */ = {
			isa = PBXResourcesBuildPhase;
			buildActionMask = 2147483647;
			files = (
				6E84FCAF2A77A03800F820F9 /* BookWarmCollectionViewCell.xib in Resources */,
				6E84FCA32A77998B00F820F9 /* LaunchScreen.storyboard in Resources */,
				6E84FCA02A77998B00F820F9 /* Assets.xcassets in Resources */,
				6E84FC9E2A77998900F820F9 /* Main.storyboard in Resources */,
				6EC5F3F32A77DB22003FDA78 /* BookWarmTableViewCell.xib in Resources */,
			);
			runOnlyForDeploymentPostprocessing = 0;
		};
/* End PBXResourcesBuildPhase section */

/* Begin PBXSourcesBuildPhase section */
		6E84FC8F2A77998900F820F9 /* Sources */ = {
			isa = PBXSourcesBuildPhase;
			buildActionMask = 2147483647;
			files = (
				6EC5F3F22A77DB22003FDA78 /* BookWarmTableViewCell.swift in Sources */,
				6E84FC9B2A77998900F820F9 /* ViewController.swift in Sources */,
				6E84FC972A77998900F820F9 /* AppDelegate.swift in Sources */,
				6E84FCD72A77D71D00F820F9 /* wdw.swift in Sources */,
				6E84FCB32A77A44100F820F9 /* BookWarmValue.swift in Sources */,
				6E84FCAB2A77A02100F820F9 /* BookWarmCollectionViewController.swift in Sources */,
				6EC5F3EF2A77DAFC003FDA78 /* BookWarmTableViewController.swift in Sources */,
				6E84FCAE2A77A03800F820F9 /* BookWarmCollectionViewCell.swift in Sources */,
				6E84FC992A77998900F820F9 /* SceneDelegate.swift in Sources */,
				6E84FCB12A77A43400F820F9 /* BookWarmArray.swift in Sources */,
				6E84FCB52A77BDC900F820F9 /* BooWarmDetailViewController.swift in Sources */,
			);
			runOnlyForDeploymentPostprocessing = 0;
		};
/* End PBXSourcesBuildPhase section */

/* Begin PBXVariantGroup section */
		6E84FC9C2A77998900F820F9 /* Main.storyboard */ = {
			isa = PBXVariantGroup;
			children = (
				6E84FC9D2A77998900F820F9 /* Base */,
			);
			name = Main.storyboard;
			sourceTree = "<group>";
		};
		6E84FCA12A77998B00F820F9 /* LaunchScreen.storyboard */ = {
			isa = PBXVariantGroup;
			children = (
				6E84FCA22A77998B00F820F9 /* Base */,
			);
			name = LaunchScreen.storyboard;
			sourceTree = "<group>";
		};
/* End PBXVariantGroup section */

/* Begin XCBuildConfiguration section */
		6E84FCA52A77998B00F820F9 /* Debug */ = {
			isa = XCBuildConfiguration;
			buildSettings = {
				ALWAYS_SEARCH_USER_PATHS = NO;
				CLANG_ANALYZER_NONNULL = YES;
				CLANG_ANALYZER_NUMBER_OBJECT_CONVERSION = YES_AGGRESSIVE;
				CLANG_CXX_LANGUAGE_STANDARD = "gnu++20";
				CLANG_ENABLE_MODULES = YES;
				CLANG_ENABLE_OBJC_ARC = YES;
				CLANG_ENABLE_OBJC_WEAK = YES;
				CLANG_WARN_BLOCK_CAPTURE_AUTORELEASING = YES;
				CLANG_WARN_BOOL_CONVERSION = YES;
				CLANG_WARN_COMMA = YES;
				CLANG_WARN_CONSTANT_CONVERSION = YES;
				CLANG_WARN_DEPRECATED_OBJC_IMPLEMENTATIONS = YES;
				CLANG_WARN_DIRECT_OBJC_ISA_USAGE = YES_ERROR;
				CLANG_WARN_DOCUMENTATION_COMMENTS = YES;
				CLANG_WARN_EMPTY_BODY = YES;
				CLANG_WARN_ENUM_CONVERSION = YES;
				CLANG_WARN_INFINITE_RECURSION = YES;
				CLANG_WARN_INT_CONVERSION = YES;
				CLANG_WARN_NON_LITERAL_NULL_CONVERSION = YES;
				CLANG_WARN_OBJC_IMPLICIT_RETAIN_SELF = YES;
				CLANG_WARN_OBJC_LITERAL_CONVERSION = YES;
				CLANG_WARN_OBJC_ROOT_CLASS = YES_ERROR;
				CLANG_WARN_QUOTED_INCLUDE_IN_FRAMEWORK_HEADER = YES;
				CLANG_WARN_RANGE_LOOP_ANALYSIS = YES;
				CLANG_WARN_STRICT_PROTOTYPES = YES;
				CLANG_WARN_SUSPICIOUS_MOVE = YES;
				CLANG_WARN_UNGUARDED_AVAILABILITY = YES_AGGRESSIVE;
				CLANG_WARN_UNREACHABLE_CODE = YES;
				CLANG_WARN__DUPLICATE_METHOD_MATCH = YES;
				COPY_PHASE_STRIP = NO;
				DEBUG_INFORMATION_FORMAT = dwarf;
				ENABLE_STRICT_OBJC_MSGSEND = YES;
				ENABLE_TESTABILITY = YES;
				GCC_C_LANGUAGE_STANDARD = gnu11;
				GCC_DYNAMIC_NO_PIC = NO;
				GCC_NO_COMMON_BLOCKS = YES;
				GCC_OPTIMIZATION_LEVEL = 0;
				GCC_PREPROCESSOR_DEFINITIONS = (
					"DEBUG=1",
					"$(inherited)",
				);
				GCC_WARN_64_TO_32_BIT_CONVERSION = YES;
				GCC_WARN_ABOUT_RETURN_TYPE = YES_ERROR;
				GCC_WARN_UNDECLARED_SELECTOR = YES;
				GCC_WARN_UNINITIALIZED_AUTOS = YES_AGGRESSIVE;
				GCC_WARN_UNUSED_FUNCTION = YES;
				GCC_WARN_UNUSED_VARIABLE = YES;
				IPHONEOS_DEPLOYMENT_TARGET = 16.4;
				MTL_ENABLE_DEBUG_INFO = INCLUDE_SOURCE;
				MTL_FAST_MATH = YES;
				ONLY_ACTIVE_ARCH = YES;
				SDKROOT = iphoneos;
				SWIFT_ACTIVE_COMPILATION_CONDITIONS = DEBUG;
				SWIFT_OPTIMIZATION_LEVEL = "-Onone";
			};
			name = Debug;
		};
		6E84FCA62A77998B00F820F9 /* Release */ = {
			isa = XCBuildConfiguration;
			buildSettings = {
				ALWAYS_SEARCH_USER_PATHS = NO;
				CLANG_ANALYZER_NONNULL = YES;
				CLANG_ANALYZER_NUMBER_OBJECT_CONVERSION = YES_AGGRESSIVE;
				CLANG_CXX_LANGUAGE_STANDARD = "gnu++20";
				CLANG_ENABLE_MODULES = YES;
				CLANG_ENABLE_OBJC_ARC = YES;
				CLANG_ENABLE_OBJC_WEAK = YES;
				CLANG_WARN_BLOCK_CAPTURE_AUTORELEASING = YES;
				CLANG_WARN_BOOL_CONVERSION = YES;
				CLANG_WARN_COMMA = YES;
				CLANG_WARN_CONSTANT_CONVERSION = YES;
				CLANG_WARN_DEPRECATED_OBJC_IMPLEMENTATIONS = YES;
				CLANG_WARN_DIRECT_OBJC_ISA_USAGE = YES_ERROR;
				CLANG_WARN_DOCUMENTATION_COMMENTS = YES;
				CLANG_WARN_EMPTY_BODY = YES;
				CLANG_WARN_ENUM_CONVERSION = YES;
				CLANG_WARN_INFINITE_RECURSION = YES;
				CLANG_WARN_INT_CONVERSION = YES;
				CLANG_WARN_NON_LITERAL_NULL_CONVERSION = YES;
				CLANG_WARN_OBJC_IMPLICIT_RETAIN_SELF = YES;
				CLANG_WARN_OBJC_LITERAL_CONVERSION = YES;
				CLANG_WARN_OBJC_ROOT_CLASS = YES_ERROR;
				CLANG_WARN_QUOTED_INCLUDE_IN_FRAMEWORK_HEADER = YES;
				CLANG_WARN_RANGE_LOOP_ANALYSIS = YES;
				CLANG_WARN_STRICT_PROTOTYPES = YES;
				CLANG_WARN_SUSPICIOUS_MOVE = YES;
				CLANG_WARN_UNGUARDED_AVAILABILITY = YES_AGGRESSIVE;
				CLANG_WARN_UNREACHABLE_CODE = YES;
				CLANG_WARN__DUPLICATE_METHOD_MATCH = YES;
				COPY_PHASE_STRIP = NO;
				DEBUG_INFORMATION_FORMAT = "dwarf-with-dsym";
				ENABLE_NS_ASSERTIONS = NO;
				ENABLE_STRICT_OBJC_MSGSEND = YES;
				GCC_C_LANGUAGE_STANDARD = gnu11;
				GCC_NO_COMMON_BLOCKS = YES;
				GCC_WARN_64_TO_32_BIT_CONVERSION = YES;
				GCC_WARN_ABOUT_RETURN_TYPE = YES_ERROR;
				GCC_WARN_UNDECLARED_SELECTOR = YES;
				GCC_WARN_UNINITIALIZED_AUTOS = YES_AGGRESSIVE;
				GCC_WARN_UNUSED_FUNCTION = YES;
				GCC_WARN_UNUSED_VARIABLE = YES;
				IPHONEOS_DEPLOYMENT_TARGET = 16.4;
				MTL_ENABLE_DEBUG_INFO = NO;
				MTL_FAST_MATH = YES;
				SDKROOT = iphoneos;
				SWIFT_COMPILATION_MODE = wholemodule;
				SWIFT_OPTIMIZATION_LEVEL = "-O";
				VALIDATE_PRODUCT = YES;
			};
			name = Release;
		};
		6E84FCA82A77998B00F820F9 /* Debug */ = {
			isa = XCBuildConfiguration;
			buildSettings = {
				ASSETCATALOG_COMPILER_APPICON_NAME = AppIcon;
				ASSETCATALOG_COMPILER_GLOBAL_ACCENT_COLOR_NAME = AccentColor;
				CODE_SIGN_STYLE = Automatic;
				CURRENT_PROJECT_VERSION = 1;
				DEVELOPMENT_TEAM = B24G869DB7;
				GENERATE_INFOPLIST_FILE = YES;
				INFOPLIST_FILE = "week3-BookWarmProjact/Info.plist";
				INFOPLIST_KEY_UIApplicationSupportsIndirectInputEvents = YES;
				INFOPLIST_KEY_UILaunchStoryboardName = LaunchScreen;
				INFOPLIST_KEY_UIMainStoryboardFile = Main;
				INFOPLIST_KEY_UISupportedInterfaceOrientations_iPad = "UIInterfaceOrientationPortrait UIInterfaceOrientationPortraitUpsideDown UIInterfaceOrientationLandscapeLeft UIInterfaceOrientationLandscapeRight";
				INFOPLIST_KEY_UISupportedInterfaceOrientations_iPhone = "UIInterfaceOrientationPortrait UIInterfaceOrientationLandscapeLeft UIInterfaceOrientationLandscapeRight";
				IPHONEOS_DEPLOYMENT_TARGET = 16.0;
				LD_RUNPATH_SEARCH_PATHS = (
					"$(inherited)",
					"@executable_path/Frameworks",
				);
				MARKETING_VERSION = 1.0;
				PRODUCT_BUNDLE_IDENTIFIER = "com.sesac.week3-BookWarmProjact";
				PRODUCT_NAME = "$(TARGET_NAME)";
				SUPPORTED_PLATFORMS = "iphoneos iphonesimulator";
				SUPPORTS_MACCATALYST = NO;
				SUPPORTS_MAC_DESIGNED_FOR_IPHONE_IPAD = NO;
				SWIFT_EMIT_LOC_STRINGS = YES;
				SWIFT_VERSION = 5.0;
				TARGETED_DEVICE_FAMILY = 1;
			};
			name = Debug;
		};
		6E84FCA92A77998B00F820F9 /* Release */ = {
			isa = XCBuildConfiguration;
			buildSettings = {
				ASSETCATALOG_COMPILER_APPICON_NAME = AppIcon;
				ASSETCATALOG_COMPILER_GLOBAL_ACCENT_COLOR_NAME = AccentColor;
				CODE_SIGN_STYLE = Automatic;
				CURRENT_PROJECT_VERSION = 1;
				DEVELOPMENT_TEAM = B24G869DB7;
				GENERATE_INFOPLIST_FILE = YES;
				INFOPLIST_FILE = "week3-BookWarmProjact/Info.plist";
				INFOPLIST_KEY_UIApplicationSupportsIndirectInputEvents = YES;
				INFOPLIST_KEY_UILaunchStoryboardName = LaunchScreen;
				INFOPLIST_KEY_UIMainStoryboardFile = Main;
				INFOPLIST_KEY_UISupportedInterfaceOrientations_iPad = "UIInterfaceOrientationPortrait UIInterfaceOrientationPortraitUpsideDown UIInterfaceOrientationLandscapeLeft UIInterfaceOrientationLandscapeRight";
				INFOPLIST_KEY_UISupportedInterfaceOrientations_iPhone = "UIInterfaceOrientationPortrait UIInterfaceOrientationLandscapeLeft UIInterfaceOrientationLandscapeRight";
				IPHONEOS_DEPLOYMENT_TARGET = 16.0;
				LD_RUNPATH_SEARCH_PATHS = (
					"$(inherited)",
					"@executable_path/Frameworks",
				);
				MARKETING_VERSION = 1.0;
				PRODUCT_BUNDLE_IDENTIFIER = "com.sesac.week3-BookWarmProjact";
				PRODUCT_NAME = "$(TARGET_NAME)";
				SUPPORTED_PLATFORMS = "iphoneos iphonesimulator";
				SUPPORTS_MACCATALYST = NO;
				SUPPORTS_MAC_DESIGNED_FOR_IPHONE_IPAD = NO;
				SWIFT_EMIT_LOC_STRINGS = YES;
				SWIFT_VERSION = 5.0;
				TARGETED_DEVICE_FAMILY = 1;
			};
			name = Release;
		};
/* End XCBuildConfiguration section */

/* Begin XCConfigurationList section */
		6E84FC8E2A77998900F820F9 /* Build configuration list for PBXProject "week3-BookWarmProjact" */ = {
			isa = XCConfigurationList;
			buildConfigurations = (
				6E84FCA52A77998B00F820F9 /* Debug */,
				6E84FCA62A77998B00F820F9 /* Release */,
			);
			defaultConfigurationIsVisible = 0;
			defaultConfigurationName = Release;
		};
		6E84FCA72A77998B00F820F9 /* Build configuration list for PBXNativeTarget "week3-BookWarmProjact" */ = {
			isa = XCConfigurationList;
			buildConfigurations = (
				6E84FCA82A77998B00F820F9 /* Debug */,
				6E84FCA92A77998B00F820F9 /* Release */,
			);
			defaultConfigurationIsVisible = 0;
			defaultConfigurationName = Release;
		};
/* End XCConfigurationList section */
	};
	rootObject = 6E84FC8B2A77998900F820F9 /* Project object */;
}
